
Microsoft Visual Studio Solution File, Format Version 12.00
# Visual Studio Version 16
VisualStudioVersion = 16.0.33529.622
MinimumVisualStudioVersion = 10.0.40219.1
Project("{FAE04EC0-301F-11D3-BF4B-00C04F79EFBC}") = "mission06_jrencher", "mission06_jrencher.csproj", "{CCAEBE58-F07E-4087-BD03-1AFEBD0C411D}"
EndProject
Global
	GlobalSection(SolutionConfigurationPlatforms) = preSolution
		Debug|Any CPU = Debug|Any CPU
		Release|Any CPU = Release|Any CPU
	EndGlobalSection
	GlobalSection(ProjectConfigurationPlatforms) = postSolution
		{CCAEBE58-F07E-4087-BD03-1AFEBD0C411D}.Debug|Any CPU.ActiveCfg = Debug|Any CPU
		{CCAEBE58-F07E-4087-BD03-1AFEBD0C411D}.Debug|Any CPU.Build.0 = Debug|Any CPU
		{CCAEBE58-F07E-4087-BD03-1AFEBD0C411D}.Release|Any CPU.ActiveCfg = Release|Any CPU
		{CCAEBE58-F07E-4087-BD03-1AFEBD0C411D}.Release|Any CPU.Build.0 = Release|Any CPU
	EndGlobalSection
	GlobalSection(SolutionProperties) = preSolution
		HideSolutionNode = FALSE
	EndGlobalSection
	GlobalSection(ExtensibilityGlobals) = postSolution
		SolutionGuid = {FA5C8426-7FCD-4122-8BF6-3BE1741CA48C}
	EndGlobalSection
EndGlobal
